
Microsoft Visual Studio Solution File, Format Version 12.00
# Visual Studio Version 17
VisualStudioVersion = 17.3.32811.315
MinimumVisualStudioVersion = 10.0.40219.1
Project("{9A19103F-16F7-4668-BE54-9A1E7A4F7556}") = "UPA_MVC", "UPA_MVC\UPA_MVC.csproj", "{3A3D8730-CE24-42F3-A9CC-66461AABA39A}"
EndProject
Project("{9A19103F-16F7-4668-BE54-9A1E7A4F7556}") = "Domain", "Domain\Domain.csproj", "{33D8F92D-F8FF-48CB-B667-15BF953AD34A}"
EndProject
Project("{9A19103F-16F7-4668-BE54-9A1E7A4F7556}") = "Logic", "Infrastructure\Logic.csproj", "{8EED4FC6-230E-4C76-A7C8-7B4312372E39}"
EndProject
Project("{FAE04EC0-301F-11D3-BF4B-00C04F79EFBC}") = "Application", "Application\Application.csproj", "{C823CD48-D5FB-4994-BCA9-879455B1FF30}"
EndProject
Global
	GlobalSection(SolutionConfigurationPlatforms) = preSolution
		Debug|Any CPU = Debug|Any CPU
		Release|Any CPU = Release|Any CPU
	EndGlobalSection
	GlobalSection(ProjectConfigurationPlatforms) = postSolution
		{3A3D8730-CE24-42F3-A9CC-66461AABA39A}.Debug|Any CPU.ActiveCfg = Debug|Any CPU
		{3A3D8730-CE24-42F3-A9CC-66461AABA39A}.Debug|Any CPU.Build.0 = Debug|Any CPU
		{3A3D8730-CE24-42F3-A9CC-66461AABA39A}.Release|Any CPU.ActiveCfg = Release|Any CPU
		{3A3D8730-CE24-42F3-A9CC-66461AABA39A}.Release|Any CPU.Build.0 = Release|Any CPU
		{33D8F92D-F8FF-48CB-B667-15BF953AD34A}.Debug|Any CPU.ActiveCfg = Debug|Any CPU
		{33D8F92D-F8FF-48CB-B667-15BF953AD34A}.Debug|Any CPU.Build.0 = Debug|Any CPU
		{33D8F92D-F8FF-48CB-B667-15BF953AD34A}.Release|Any CPU.ActiveCfg = Release|Any CPU
		{33D8F92D-F8FF-48CB-B667-15BF953AD34A}.Release|Any CPU.Build.0 = Release|Any CPU
		{8EED4FC6-230E-4C76-A7C8-7B4312372E39}.Debug|Any CPU.ActiveCfg = Debug|Any CPU
		{8EED4FC6-230E-4C76-A7C8-7B4312372E39}.Debug|Any CPU.Build.0 = Debug|Any CPU
		{8EED4FC6-230E-4C76-A7C8-7B4312372E39}.Release|Any CPU.ActiveCfg = Release|Any CPU
		{8EED4FC6-230E-4C76-A7C8-7B4312372E39}.Release|Any CPU.Build.0 = Release|Any CPU
		{C823CD48-D5FB-4994-BCA9-879455B1FF30}.Debug|Any CPU.ActiveCfg = Debug|Any CPU
		{C823CD48-D5FB-4994-BCA9-879455B1FF30}.Debug|Any CPU.Build.0 = Debug|Any CPU
		{C823CD48-D5FB-4994-BCA9-879455B1FF30}.Release|Any CPU.ActiveCfg = Release|Any CPU
		{C823CD48-D5FB-4994-BCA9-879455B1FF30}.Release|Any CPU.Build.0 = Release|Any CPU
	EndGlobalSection
	GlobalSection(SolutionProperties) = preSolution
		HideSolutionNode = FALSE
	EndGlobalSection
	GlobalSection(ExtensibilityGlobals) = postSolution
		SolutionGuid = {E9042839-957E-4CC4-85A5-23151711DAAA}
	EndGlobalSection
EndGlobal
